Microsoft Visual Studio Solution File, Format Version 11.00
# Visual Studio 2008

Project("{518EC645-E79B-44D2-07CA-45D197C91318}") = "DontStepWhiteTile", "Assembly-CSharp-firstpass-vs.csproj", "{536873EF-7C1D-D075-0C56-FC3D703A10A7}"
EndProject
Project("{518EC645-E79B-44D2-07CA-45D197C91318}") = "DontStepWhiteTile", "Assembly-CSharp-vs.csproj", "{BC97AC0E-4C1C-29D2-CA4E-F748A1A06EEE}"
EndProject
Project("{518EC645-E79B-44D2-07CA-45D197C91318}") = "DontStepWhiteTile", "Assembly-CSharp-Editor-vs.csproj", "{E99B6549-9316-8C45-59AC-7DCA508F13B2}"
EndProject
Global
	GlobalSection(SolutionConfigurationPlatforms) = preSolution
		Debug|Any CPU = Debug|Any CPU
		Release|Any CPU = Release|Any CPU
	EndGlobalSection
	GlobalSection(ProjectConfigurationPlatforms) = postSolution
		{536873EF-7C1D-D075-0C56-FC3D703A10A7}.Debug|Any CPU.ActiveCfg = Debug|Any CPU
		{536873EF-7C1D-D075-0C56-FC3D703A10A7}.Debug|Any CPU.Build.0 = Debug|Any CPU
		{536873EF-7C1D-D075-0C56-FC3D703A10A7}.Release|Any CPU.ActiveCfg = Release|Any CPU
		{536873EF-7C1D-D075-0C56-FC3D703A10A7}.Release|Any CPU.Build.0 = Release|Any CPU
		{BC97AC0E-4C1C-29D2-CA4E-F748A1A06EEE}.Debug|Any CPU.ActiveCfg = Debug|Any CPU
		{BC97AC0E-4C1C-29D2-CA4E-F748A1A06EEE}.Debug|Any CPU.Build.0 = Debug|Any CPU
		{BC97AC0E-4C1C-29D2-CA4E-F748A1A06EEE}.Release|Any CPU.ActiveCfg = Release|Any CPU
		{BC97AC0E-4C1C-29D2-CA4E-F748A1A06EEE}.Release|Any CPU.Build.0 = Release|Any CPU
		{E99B6549-9316-8C45-59AC-7DCA508F13B2}.Debug|Any CPU.ActiveCfg = Debug|Any CPU
		{E99B6549-9316-8C45-59AC-7DCA508F13B2}.Debug|Any CPU.Build.0 = Debug|Any CPU
		{E99B6549-9316-8C45-59AC-7DCA508F13B2}.Release|Any CPU.ActiveCfg = Release|Any CPU
		{E99B6549-9316-8C45-59AC-7DCA508F13B2}.Release|Any CPU.Build.0 = Release|Any CPU
	EndGlobalSection
	GlobalSection(SolutionProperties) = preSolution
		HideSolutionNode = FALSE
	EndGlobalSection
																																		GlobalSection(MonoDevelopProperties) = preSolution
		StartupItem = Assembly-CSharp.csproj
		Policies = $0
		$0.TextStylePolicy = $1
		$1.inheritsSet = null
		$1.scope = text/x-csharp
		$0.CSharpFormattingPolicy = $2
		$2.inheritsSet = Mono
		$2.inheritsScope = text/x-csharp
		$2.scope = text/x-csharp
		$0.TextStylePolicy = $3
		$3.FileWidth = 120
		$3.TabWidth = 4
		$3.EolMarker = Unix
		$3.inheritsSet = Mono
		$3.inheritsScope = text/plain
		$3.scope = text/plain
	EndGlobalSection

EndGlobal
