Microsoft Visual Studio Solution File, Format Version 11.00
# Visual Studio 2008

Project("{05192834-1BE6-7DCB-A03F-0E04104D9047}") = "2048", "Assembly-CSharp-firstpass-vs.csproj", "{918E9C9D-A87F-B258-08CE-A4CE42EA8256}"
EndProject
Project("{05192834-1BE6-7DCB-A03F-0E04104D9047}") = "2048", "Assembly-CSharp-vs.csproj", "{FAA271DF-0D6E-151F-8354-B1EDE5043471}"
EndProject
Project("{05192834-1BE6-7DCB-A03F-0E04104D9047}") = "2048", "Assembly-CSharp-Editor-vs.csproj", "{985215B4-FBAB-05AC-5426-CCE2104CE4D2}"
EndProject
Global
	GlobalSection(SolutionConfigurationPlatforms) = preSolution
		Debug|Any CPU = Debug|Any CPU
		Release|Any CPU = Release|Any CPU
	EndGlobalSection
	GlobalSection(ProjectConfigurationPlatforms) = postSolution
		{918E9C9D-A87F-B258-08CE-A4CE42EA8256}.Debug|Any CPU.ActiveCfg = Debug|Any CPU
		{918E9C9D-A87F-B258-08CE-A4CE42EA8256}.Debug|Any CPU.Build.0 = Debug|Any CPU
		{918E9C9D-A87F-B258-08CE-A4CE42EA8256}.Release|Any CPU.ActiveCfg = Release|Any CPU
		{918E9C9D-A87F-B258-08CE-A4CE42EA8256}.Release|Any CPU.Build.0 = Release|Any CPU
		{FAA271DF-0D6E-151F-8354-B1EDE5043471}.Debug|Any CPU.ActiveCfg = Debug|Any CPU
		{FAA271DF-0D6E-151F-8354-B1EDE5043471}.Debug|Any CPU.Build.0 = Debug|Any CPU
		{FAA271DF-0D6E-151F-8354-B1EDE5043471}.Release|Any CPU.ActiveCfg = Release|Any CPU
		{FAA271DF-0D6E-151F-8354-B1EDE5043471}.Release|Any CPU.Build.0 = Release|Any CPU
		{985215B4-FBAB-05AC-5426-CCE2104CE4D2}.Debug|Any CPU.ActiveCfg = Debug|Any CPU
		{985215B4-FBAB-05AC-5426-CCE2104CE4D2}.Debug|Any CPU.Build.0 = Debug|Any CPU
		{985215B4-FBAB-05AC-5426-CCE2104CE4D2}.Release|Any CPU.ActiveCfg = Release|Any CPU
		{985215B4-FBAB-05AC-5426-CCE2104CE4D2}.Release|Any CPU.Build.0 = Release|Any CPU
	EndGlobalSection
	GlobalSection(SolutionProperties) = preSolution
		HideSolutionNode = FALSE
	EndGlobalSection
																				GlobalSection(MonoDevelopProperties) = preSolution
		StartupItem = Assembly-CSharp.csproj
		Policies = $0
		$0.TextStylePolicy = $1
		$1.FileWidth = 120
		$1.TabsToSpaces = False
		$1.EolMarker = Unix
		$1.inheritsSet = VisualStudio
		$1.inheritsScope = text/plain
		$1.scope = text/x-csharp
		$0.CSharpFormattingPolicy = $2
		$2.inheritsSet = Mono
		$2.inheritsScope = text/x-csharp
		$2.scope = text/x-csharp
		$0.TextStylePolicy = $3
		$3.FileWidth = 120
		$3.TabWidth = 4
		$3.EolMarker = Unix
		$3.inheritsSet = Mono
		$3.inheritsScope = text/plain
		$3.scope = text/plain
	EndGlobalSection

EndGlobal
