Microsoft Visual Studio Solution File, Format Version 11.00
# Visual Studio 2008

Project("{D7375C6B-55B0-F54A-FB5A-4A8D19BD2893}") = "ClappyBird", "Assembly-CSharp-firstpass-vs.csproj", "{A7B6877A-958A-0090-36B7-C1CE6D577BEC}"
EndProject
Project("{D7375C6B-55B0-F54A-FB5A-4A8D19BD2893}") = "ClappyBird", "Assembly-CSharp-vs.csproj", "{B0D89749-741D-6CED-8FFC-16B33EE4443F}"
EndProject
Project("{D7375C6B-55B0-F54A-FB5A-4A8D19BD2893}") = "ClappyBird", "Assembly-CSharp-Editor-vs.csproj", "{D259D59B-F73B-745E-F82A-D78F54FC6FA7}"
EndProject
Global
	GlobalSection(SolutionConfigurationPlatforms) = preSolution
		Debug|Any CPU = Debug|Any CPU
		Release|Any CPU = Release|Any CPU
	EndGlobalSection
	GlobalSection(ProjectConfigurationPlatforms) = postSolution
		{A7B6877A-958A-0090-36B7-C1CE6D577BEC}.Debug|Any CPU.ActiveCfg = Debug|Any CPU
		{A7B6877A-958A-0090-36B7-C1CE6D577BEC}.Debug|Any CPU.Build.0 = Debug|Any CPU
		{A7B6877A-958A-0090-36B7-C1CE6D577BEC}.Release|Any CPU.ActiveCfg = Release|Any CPU
		{A7B6877A-958A-0090-36B7-C1CE6D577BEC}.Release|Any CPU.Build.0 = Release|Any CPU
		{B0D89749-741D-6CED-8FFC-16B33EE4443F}.Debug|Any CPU.ActiveCfg = Debug|Any CPU
		{B0D89749-741D-6CED-8FFC-16B33EE4443F}.Debug|Any CPU.Build.0 = Debug|Any CPU
		{B0D89749-741D-6CED-8FFC-16B33EE4443F}.Release|Any CPU.ActiveCfg = Release|Any CPU
		{B0D89749-741D-6CED-8FFC-16B33EE4443F}.Release|Any CPU.Build.0 = Release|Any CPU
		{D259D59B-F73B-745E-F82A-D78F54FC6FA7}.Debug|Any CPU.ActiveCfg = Debug|Any CPU
		{D259D59B-F73B-745E-F82A-D78F54FC6FA7}.Debug|Any CPU.Build.0 = Debug|Any CPU
		{D259D59B-F73B-745E-F82A-D78F54FC6FA7}.Release|Any CPU.ActiveCfg = Release|Any CPU
		{D259D59B-F73B-745E-F82A-D78F54FC6FA7}.Release|Any CPU.Build.0 = Release|Any CPU
	EndGlobalSection
	GlobalSection(SolutionProperties) = preSolution
		HideSolutionNode = FALSE
	EndGlobalSection
																																																	GlobalSection(MonoDevelopProperties) = preSolution
		StartupItem = Assembly-CSharp.csproj
		Policies = $0
		$0.TextStylePolicy = $1
		$1.inheritsSet = null
		$1.scope = text/x-csharp
		$0.CSharpFormattingPolicy = $2
		$2.inheritsSet = Mono
		$2.inheritsScope = text/x-csharp
		$2.scope = text/x-csharp
		$0.TextStylePolicy = $3
		$3.FileWidth = 120
		$3.TabWidth = 4
		$3.EolMarker = Unix
		$3.inheritsSet = Mono
		$3.inheritsScope = text/plain
		$3.scope = text/plain
	EndGlobalSection

EndGlobal
